
Microsoft Visual Studio Solution File, Format Version 12.00
# Visual Studio Version 17
VisualStudioVersion = 17.5.002.0
MinimumVisualStudioVersion = 10.0.40219.1
Project("{9A19103F-16F7-4668-BE54-9A1E7A4F7556}") = "StopWatch", "StopWatch.csproj", "{AFA834FC-3C31-47AA-BB9E-C1E2DDB0CC9F}"
EndProject
Global
	GlobalSection(SolutionConfigurationPlatforms) = preSolution
		Debug|Any CPU = Debug|Any CPU
		Release|Any CPU = Release|Any CPU
	EndGlobalSection
	GlobalSection(ProjectConfigurationPlatforms) = postSolution
		{AFA834FC-3C31-47AA-BB9E-C1E2DDB0CC9F}.Debug|Any CPU.ActiveCfg = Debug|Any CPU
		{AFA834FC-3C31-47AA-BB9E-C1E2DDB0CC9F}.Debug|Any CPU.Build.0 = Debug|Any CPU
		{AFA834FC-3C31-47AA-BB9E-C1E2DDB0CC9F}.Release|Any CPU.ActiveCfg = Release|Any CPU
		{AFA834FC-3C31-47AA-BB9E-C1E2DDB0CC9F}.Release|Any CPU.Build.0 = Release|Any CPU
	EndGlobalSection
	GlobalSection(SolutionProperties) = preSolution
		HideSolutionNode = FALSE
	EndGlobalSection
	GlobalSection(ExtensibilityGlobals) = postSolution
		SolutionGuid = {39F54F31-664E-45D4-A50D-1C7E3874BA7C}
	EndGlobalSection
EndGlobal
